
Microsoft Visual Studio Solution File, Format Version 12.00
# Visual Studio Version 16
VisualStudioVersion = 25.0.1706.14
MinimumVisualStudioVersion = 10.0.40219.1
Project("{FAE04EC0-301F-11D3-BF4B-00C04F79EFBC}") = "HybridSample", "HybridSample\HybridSample.csproj", "{A8B58602-B539-4133-8028-661D3BA75A04}"
EndProject
Global
	GlobalSection(SolutionConfigurationPlatforms) = preSolution
		Debug|Any CPU = Debug|Any CPU
		Release|Any CPU = Release|Any CPU
	EndGlobalSection
	GlobalSection(ProjectConfigurationPlatforms) = postSolution
		{A8B58602-B539-4133-8028-661D3BA75A04}.Debug|Any CPU.ActiveCfg = Debug|Any CPU
		{A8B58602-B539-4133-8028-661D3BA75A04}.Debug|Any CPU.Build.0 = Debug|Any CPU
		{A8B58602-B539-4133-8028-661D3BA75A04}.Release|Any CPU.ActiveCfg = Release|Any CPU
		{A8B58602-B539-4133-8028-661D3BA75A04}.Release|Any CPU.Build.0 = Release|Any CPU
	EndGlobalSection
	GlobalSection(SolutionProperties) = preSolution
		HideSolutionNode = FALSE
	EndGlobalSection
	GlobalSection(ExtensibilityGlobals) = postSolution
		SolutionGuid = {267F69E3-0C34-4531-994C-5B8D9587617A}
	EndGlobalSection
EndGlobal
